{
    "_readme": [
        "This file locks the dependencies of your project to a known state",
        "Read more about it at https://getcomposer.org/doc/01-basic-usage.md#composer-lock-the-lock-file",
        "This file is @generated automatically"
    ],
    "content-hash": "2aca8f96435b54c7c0051826c0c09c08",
    "packages": [],
    "packages-dev": [
        {
            "name": "fortawesome/font-awesome",
            "version": "v4.7.0",
            "source": {
                "type": "git",
                "url": "https://github.com/FortAwesome/Font-Awesome.git",
                "reference": "a8386aae19e200ddb0f6845b5feeee5eb7013687"
            },
            "dist": {
                "type": "zip",
                "url": "https://api.github.com/repos/FortAwesome/Font-Awesome/zipball/a8386aae19e200ddb0f6845b5feeee5eb7013687",
                "reference": "a8386aae19e200ddb0f6845b5feeee5eb7013687",
                "shasum": ""
            },
            "require-dev": {
                "jekyll": "1.0.2",
                "lessc": "1.4.2"
            },
            "type": "library",
            "extra": {
                "branch-alias": {
                    "dev-master": "4.6.x-dev"
                }
            },
            "notification-url": "https://packagist.org/downloads/",
            "license": [
                "OFL-1.1",
                "MIT"
            ],
            "authors": [
                {
                    "name": "Dave Gandy",
                    "email": "dave@fontawesome.io",
                    "homepage": "http://twitter.com/davegandy",
                    "role": "Developer"
                }
            ],
            "description": "The iconic font and CSS framework",
            "homepage": "http://fontawesome.io/",
            "keywords": [
                "FontAwesome",
                "awesome",
                "bootstrap",
                "font",
                "icon"
            ],
            "time": "2016-10-24T15:52:54+00:00"
        },
        {
            "name": "latte/latte",
            "version": "v2.4.5",
            "source": {
                "type": "git",
                "url": "https://github.com/nette/latte.git",
                "reference": "8c14fa21390fd2c119924c88bb196dd705dc680f"
            },
            "dist": {
                "type": "zip",
                "url": "https://api.github.com/repos/nette/latte/zipball/8c14fa21390fd2c119924c88bb196dd705dc680f",
                "reference": "8c14fa21390fd2c119924c88bb196dd705dc680f",
                "shasum": ""
            },
            "require": {
                "ext-json": "*",
                "ext-tokenizer": "*",
                "php": ">=5.4.4"
            },
            "conflict": {
                "nette/application": "<2.4.1"
            },
            "require-dev": {
                "nette/tester": "~2.0",
                "tracy/tracy": "^2.3"
            },
            "suggest": {
                "ext-fileinfo": "to use filter |datastream",
                "ext-mbstring": "to use filters like lower, upper, capitalize, ..."
            },
            "type": "library",
            "extra": {
                "branch-alias": {
                    "dev-master": "2.4-dev"
                }
            },
            "autoload": {
                "classmap": [
                    "src/"
                ]
            },
            "notification-url": "https://packagist.org/downloads/",
            "license": [
                "BSD-3-Clause",
                "GPL-2.0",
                "GPL-3.0"
            ],
            "authors": [
                {
                    "name": "David Grudl",
                    "homepage": "https://davidgrudl.com"
                },
                {
                    "name": "Nette Community",
                    "homepage": "https://nette.org/contributors"
                }
            ],
            "description": "☕ Latte: the intuitive and fast template engine for those who want the most secure PHP sites. Introduces context-sensitive escaping.",
            "homepage": "https://latte.nette.org",
            "keywords": [
                "context-sensitive",
                "engine",
                "escaping",
                "html",
                "nette",
                "security",
                "template",
                "twig"
            ],
            "time": "2017-07-14T06:41:29+00:00"
        },
        {
            "name": "twbs/bootstrap",
            "version": "v3.3.7",
            "source": {
                "type": "git",
                "url": "https://github.com/twbs/bootstrap.git",
                "reference": "0b9c4a4007c44201dce9a6cc1a38407005c26c86"
            },
            "dist": {
                "type": "zip",
                "url": "https://api.github.com/repos/twbs/bootstrap/zipball/0b9c4a4007c44201dce9a6cc1a38407005c26c86",
                "reference": "0b9c4a4007c44201dce9a6cc1a38407005c26c86",
                "shasum": ""
            },
            "replace": {
                "twitter/bootstrap": "self.version"
            },
            "type": "library",
            "extra": {
                "branch-alias": {
                    "dev-master": "3.3.x-dev"
                }
            },
            "notification-url": "https://packagist.org/downloads/",
            "license": [
                "MIT"
            ],
            "authors": [
                {
                    "name": "Jacob Thornton",
                    "email": "jacobthornton@gmail.com"
                },
                {
                    "name": "Mark Otto",
                    "email": "markdotto@gmail.com"
                }
            ],
            "description": "The most popular front-end framework for developing responsive, mobile first projects on the web.",
            "homepage": "http://getbootstrap.com",
            "keywords": [
                "JS",
                "css",
                "framework",
                "front-end",
                "less",
                "mobile-first",
                "responsive",
                "web"
            ],
            "time": "2016-07-25T15:51:55+00:00"
        }
    ],
    "aliases": [],
    "minimum-stability": "stable",
    "stability-flags": [],
    "prefer-stable": false,
    "prefer-lowest": false,
    "platform": [],
    "platform-dev": []
}
